
Microsoft Visual Studio Solution File, Format Version 12.00
# Visual Studio 15
VisualStudioVersion = 15.0.26730.12
MinimumVisualStudioVersion = 10.0.40219.1
Project("{FAE04EC0-301F-11D3-BF4B-00C04F79EFBC}") = "BringMeSoup", "BringMeSoup\BringMeSoup.csproj", "{30181F65-D3FC-4797-8C4D-4F24FFA7534C}"
EndProject
Project("{FAE04EC0-301F-11D3-BF4B-00C04F79EFBC}") = "Models", "Models\Models.csproj", "{F2495315-0648-4B99-B0C6-11155D635175}"
EndProject
Project("{FAE04EC0-301F-11D3-BF4B-00C04F79EFBC}") = "BringMeSoup.mobile.Android", "BringMeSoup.mobile\BringMeSoup.mobile.Android\BringMeSoup.mobile.Android.csproj", "{946A653A-3011-4FB1-B7C3-3ABABD38351A}"
EndProject
Project("{FAE04EC0-301F-11D3-BF4B-00C04F79EFBC}") = "BringMeSoup.mobile", "BringMeSoup.mobile\BringMeSoup.mobile\BringMeSoup.mobile.csproj", "{18319AEC-A984-4165-BA4F-0C92AC5761BC}"
EndProject
Project("{FAE04EC0-301F-11D3-BF4B-00C04F79EFBC}") = "BringMeSoup.mobile.iOS", "BringMeSoup.mobile\BringMeSoup.mobile.iOS\BringMeSoup.mobile.iOS.csproj", "{2DC6037E-64AF-4BAD-B36B-496C94E635DF}"
EndProject
Global
	GlobalSection(SolutionConfigurationPlatforms) = preSolution
		Ad-Hoc|Any CPU = Ad-Hoc|Any CPU
		Ad-Hoc|ARM = Ad-Hoc|ARM
		Ad-Hoc|iPhone = Ad-Hoc|iPhone
		Ad-Hoc|iPhoneSimulator = Ad-Hoc|iPhoneSimulator
		Ad-Hoc|x64 = Ad-Hoc|x64
		Ad-Hoc|x86 = Ad-Hoc|x86
		AppStore|Any CPU = AppStore|Any CPU
		AppStore|ARM = AppStore|ARM
		AppStore|iPhone = AppStore|iPhone
		AppStore|iPhoneSimulator = AppStore|iPhoneSimulator
		AppStore|x64 = AppStore|x64
		AppStore|x86 = AppStore|x86
		Debug|Any CPU = Debug|Any CPU
		Debug|ARM = Debug|ARM
		Debug|iPhone = Debug|iPhone
		Debug|iPhoneSimulator = Debug|iPhoneSimulator
		Debug|x64 = Debug|x64
		Debug|x86 = Debug|x86
		Release|Any CPU = Release|Any CPU
		Release|ARM = Release|ARM
		Release|iPhone = Release|iPhone
		Release|iPhoneSimulator = Release|iPhoneSimulator
		Release|x64 = Release|x64
		Release|x86 = Release|x86
	EndGlobalSection
	GlobalSection(ProjectConfigurationPlatforms) = postSolution
		{30181F65-D3FC-4797-8C4D-4F24FFA7534C}.Ad-Hoc|Any CPU.ActiveCfg = Release|Any CPU
		{30181F65-D3FC-4797-8C4D-4F24FFA7534C}.Ad-Hoc|Any CPU.Build.0 = Release|Any CPU
		{30181F65-D3FC-4797-8C4D-4F24FFA7534C}.Ad-Hoc|ARM.ActiveCfg = Release|Any CPU
		{30181F65-D3FC-4797-8C4D-4F24FFA7534C}.Ad-Hoc|ARM.Build.0 = Release|Any CPU
		{30181F65-D3FC-4797-8C4D-4F24FFA7534C}.Ad-Hoc|iPhone.ActiveCfg = Release|Any CPU
		{30181F65-D3FC-4797-8C4D-4F24FFA7534C}.Ad-Hoc|iPhone.Build.0 = Release|Any CPU
		{30181F65-D3FC-4797-8C4D-4F24FFA7534C}.Ad-Hoc|iPhoneSimulator.ActiveCfg = Release|Any CPU
		{30181F65-D3FC-4797-8C4D-4F24FFA7534C}.Ad-Hoc|iPhoneSimulator.Build.0 = Release|Any CPU
		{30181F65-D3FC-4797-8C4D-4F24FFA7534C}.Ad-Hoc|x64.ActiveCfg = Release|Any CPU
		{30181F65-D3FC-4797-8C4D-4F24FFA7534C}.Ad-Hoc|x64.Build.0 = Release|Any CPU
		{30181F65-D3FC-4797-8C4D-4F24FFA7534C}.Ad-Hoc|x86.ActiveCfg = Release|Any CPU
		{30181F65-D3FC-4797-8C4D-4F24FFA7534C}.Ad-Hoc|x86.Build.0 = Release|Any CPU
		{30181F65-D3FC-4797-8C4D-4F24FFA7534C}.AppStore|Any CPU.ActiveCfg = Release|Any CPU
		{30181F65-D3FC-4797-8C4D-4F24FFA7534C}.AppStore|Any CPU.Build.0 = Release|Any CPU
		{30181F65-D3FC-4797-8C4D-4F24FFA7534C}.AppStore|ARM.ActiveCfg = Release|Any CPU
		{30181F65-D3FC-4797-8C4D-4F24FFA7534C}.AppStore|ARM.Build.0 = Release|Any CPU
		{30181F65-D3FC-4797-8C4D-4F24FFA7534C}.AppStore|iPhone.ActiveCfg = Release|Any CPU
		{30181F65-D3FC-4797-8C4D-4F24FFA7534C}.AppStore|iPhone.Build.0 = Release|Any CPU
		{30181F65-D3FC-4797-8C4D-4F24FFA7534C}.AppStore|iPhoneSimulator.ActiveCfg = Release|Any CPU
		{30181F65-D3FC-4797-8C4D-4F24FFA7534C}.AppStore|iPhoneSimulator.Build.0 = Release|Any CPU
		{30181F65-D3FC-4797-8C4D-4F24FFA7534C}.AppStore|x64.ActiveCfg = Release|Any CPU
		{30181F65-D3FC-4797-8C4D-4F24FFA7534C}.AppStore|x64.Build.0 = Release|Any CPU
		{30181F65-D3FC-4797-8C4D-4F24FFA7534C}.AppStore|x86.ActiveCfg = Release|Any CPU
		{30181F65-D3FC-4797-8C4D-4F24FFA7534C}.AppStore|x86.Build.0 = Release|Any CPU
		{30181F65-D3FC-4797-8C4D-4F24FFA7534C}.Debug|Any CPU.ActiveCfg = Debug|Any CPU
		{30181F65-D3FC-4797-8C4D-4F24FFA7534C}.Debug|Any CPU.Build.0 = Debug|Any CPU
		{30181F65-D3FC-4797-8C4D-4F24FFA7534C}.Debug|ARM.ActiveCfg = Debug|Any CPU
		{30181F65-D3FC-4797-8C4D-4F24FFA7534C}.Debug|ARM.Build.0 = Debug|Any CPU
		{30181F65-D3FC-4797-8C4D-4F24FFA7534C}.Debug|iPhone.ActiveCfg = Debug|Any CPU
		{30181F65-D3FC-4797-8C4D-4F24FFA7534C}.Debug|iPhone.Build.0 = Debug|Any CPU
		{30181F65-D3FC-4797-8C4D-4F24FFA7534C}.Debug|iPhoneSimulator.ActiveCfg = Debug|Any CPU
		{30181F65-D3FC-4797-8C4D-4F24FFA7534C}.Debug|iPhoneSimulator.Build.0 = Debug|Any CPU
		{30181F65-D3FC-4797-8C4D-4F24FFA7534C}.Debug|x64.ActiveCfg = Debug|Any CPU
		{30181F65-D3FC-4797-8C4D-4F24FFA7534C}.Debug|x64.Build.0 = Debug|Any CPU
		{30181F65-D3FC-4797-8C4D-4F24FFA7534C}.Debug|x86.ActiveCfg = Debug|Any CPU
		{30181F65-D3FC-4797-8C4D-4F24FFA7534C}.Debug|x86.Build.0 = Debug|Any CPU
		{30181F65-D3FC-4797-8C4D-4F24FFA7534C}.Release|Any CPU.ActiveCfg = Release|Any CPU
		{30181F65-D3FC-4797-8C4D-4F24FFA7534C}.Release|Any CPU.Build.0 = Release|Any CPU
		{30181F65-D3FC-4797-8C4D-4F24FFA7534C}.Release|ARM.ActiveCfg = Release|Any CPU
		{30181F65-D3FC-4797-8C4D-4F24FFA7534C}.Release|ARM.Build.0 = Release|Any CPU
		{30181F65-D3FC-4797-8C4D-4F24FFA7534C}.Release|iPhone.ActiveCfg = Release|Any CPU
		{30181F65-D3FC-4797-8C4D-4F24FFA7534C}.Release|iPhone.Build.0 = Release|Any CPU
		{30181F65-D3FC-4797-8C4D-4F24FFA7534C}.Release|iPhoneSimulator.ActiveCfg = Release|Any CPU
		{30181F65-D3FC-4797-8C4D-4F24FFA7534C}.Release|iPhoneSimulator.Build.0 = Release|Any CPU
		{30181F65-D3FC-4797-8C4D-4F24FFA7534C}.Release|x64.ActiveCfg = Release|Any CPU
		{30181F65-D3FC-4797-8C4D-4F24FFA7534C}.Release|x64.Build.0 = Release|Any CPU
		{30181F65-D3FC-4797-8C4D-4F24FFA7534C}.Release|x86.ActiveCfg = Release|Any CPU
		{30181F65-D3FC-4797-8C4D-4F24FFA7534C}.Release|x86.Build.0 = Release|Any CPU
		{F2495315-0648-4B99-B0C6-11155D635175}.Ad-Hoc|Any CPU.ActiveCfg = Release|Any CPU
		{F2495315-0648-4B99-B0C6-11155D635175}.Ad-Hoc|Any CPU.Build.0 = Release|Any CPU
		{F2495315-0648-4B99-B0C6-11155D635175}.Ad-Hoc|ARM.ActiveCfg = Release|Any CPU
		{F2495315-0648-4B99-B0C6-11155D635175}.Ad-Hoc|ARM.Build.0 = Release|Any CPU
		{F2495315-0648-4B99-B0C6-11155D635175}.Ad-Hoc|iPhone.ActiveCfg = Release|Any CPU
		{F2495315-0648-4B99-B0C6-11155D635175}.Ad-Hoc|iPhone.Build.0 = Release|Any CPU
		{F2495315-0648-4B99-B0C6-11155D635175}.Ad-Hoc|iPhoneSimulator.ActiveCfg = Release|Any CPU
		{F2495315-0648-4B99-B0C6-11155D635175}.Ad-Hoc|iPhoneSimulator.Build.0 = Release|Any CPU
		{F2495315-0648-4B99-B0C6-11155D635175}.Ad-Hoc|x64.ActiveCfg = Release|Any CPU
		{F2495315-0648-4B99-B0C6-11155D635175}.Ad-Hoc|x64.Build.0 = Release|Any CPU
		{F2495315-0648-4B99-B0C6-11155D635175}.Ad-Hoc|x86.ActiveCfg = Release|Any CPU
		{F2495315-0648-4B99-B0C6-11155D635175}.Ad-Hoc|x86.Build.0 = Release|Any CPU
		{F2495315-0648-4B99-B0C6-11155D635175}.AppStore|Any CPU.ActiveCfg = Release|Any CPU
		{F2495315-0648-4B99-B0C6-11155D635175}.AppStore|Any CPU.Build.0 = Release|Any CPU
		{F2495315-0648-4B99-B0C6-11155D635175}.AppStore|ARM.ActiveCfg = Release|Any CPU
		{F2495315-0648-4B99-B0C6-11155D635175}.AppStore|ARM.Build.0 = Release|Any CPU
		{F2495315-0648-4B99-B0C6-11155D635175}.AppStore|iPhone.ActiveCfg = Release|Any CPU
		{F2495315-0648-4B99-B0C6-11155D635175}.AppStore|iPhone.Build.0 = Release|Any CPU
		{F2495315-0648-4B99-B0C6-11155D635175}.AppStore|iPhoneSimulator.ActiveCfg = Release|Any CPU
		{F2495315-0648-4B99-B0C6-11155D635175}.AppStore|iPhoneSimulator.Build.0 = Release|Any CPU
		{F2495315-0648-4B99-B0C6-11155D635175}.AppStore|x64.ActiveCfg = Release|Any CPU
		{F2495315-0648-4B99-B0C6-11155D635175}.AppStore|x64.Build.0 = Release|Any CPU
		{F2495315-0648-4B99-B0C6-11155D635175}.AppStore|x86.ActiveCfg = Release|Any CPU
		{F2495315-0648-4B99-B0C6-11155D635175}.AppStore|x86.Build.0 = Release|Any CPU
		{F2495315-0648-4B99-B0C6-11155D635175}.Debug|Any CPU.ActiveCfg = Debug|Any CPU
		{F2495315-0648-4B99-B0C6-11155D635175}.Debug|Any CPU.Build.0 = Debug|Any CPU
		{F2495315-0648-4B99-B0C6-11155D635175}.Debug|ARM.ActiveCfg = Debug|Any CPU
		{F2495315-0648-4B99-B0C6-11155D635175}.Debug|ARM.Build.0 = Debug|Any CPU
		{F2495315-0648-4B99-B0C6-11155D635175}.Debug|iPhone.ActiveCfg = Debug|Any CPU
		{F2495315-0648-4B99-B0C6-11155D635175}.Debug|iPhone.Build.0 = Debug|Any CPU
		{F2495315-0648-4B99-B0C6-11155D635175}.Debug|iPhoneSimulator.ActiveCfg = Debug|Any CPU
		{F2495315-0648-4B99-B0C6-11155D635175}.Debug|iPhoneSimulator.Build.0 = Debug|Any CPU
		{F2495315-0648-4B99-B0C6-11155D635175}.Debug|x64.ActiveCfg = Debug|Any CPU
		{F2495315-0648-4B99-B0C6-11155D635175}.Debug|x64.Build.0 = Debug|Any CPU
		{F2495315-0648-4B99-B0C6-11155D635175}.Debug|x86.ActiveCfg = Debug|Any CPU
		{F2495315-0648-4B99-B0C6-11155D635175}.Debug|x86.Build.0 = Debug|Any CPU
		{F2495315-0648-4B99-B0C6-11155D635175}.Release|Any CPU.ActiveCfg = Release|Any CPU
		{F2495315-0648-4B99-B0C6-11155D635175}.Release|Any CPU.Build.0 = Release|Any CPU
		{F2495315-0648-4B99-B0C6-11155D635175}.Release|ARM.ActiveCfg = Release|Any CPU
		{F2495315-0648-4B99-B0C6-11155D635175}.Release|ARM.Build.0 = Release|Any CPU
		{F2495315-0648-4B99-B0C6-11155D635175}.Release|iPhone.ActiveCfg = Release|Any CPU
		{F2495315-0648-4B99-B0C6-11155D635175}.Release|iPhone.Build.0 = Release|Any CPU
		{F2495315-0648-4B99-B0C6-11155D635175}.Release|iPhoneSimulator.ActiveCfg = Release|Any CPU
		{F2495315-0648-4B99-B0C6-11155D635175}.Release|iPhoneSimulator.Build.0 = Release|Any CPU
		{F2495315-0648-4B99-B0C6-11155D635175}.Release|x64.ActiveCfg = Release|Any CPU
		{F2495315-0648-4B99-B0C6-11155D635175}.Release|x64.Build.0 = Release|Any CPU
		{F2495315-0648-4B99-B0C6-11155D635175}.Release|x86.ActiveCfg = Release|Any CPU
		{F2495315-0648-4B99-B0C6-11155D635175}.Release|x86.Build.0 = Release|Any CPU
		{946A653A-3011-4FB1-B7C3-3ABABD38351A}.Ad-Hoc|Any CPU.ActiveCfg = Release|Any CPU
		{946A653A-3011-4FB1-B7C3-3ABABD38351A}.Ad-Hoc|Any CPU.Build.0 = Release|Any CPU
		{946A653A-3011-4FB1-B7C3-3ABABD38351A}.Ad-Hoc|Any CPU.Deploy.0 = Release|Any CPU
		{946A653A-3011-4FB1-B7C3-3ABABD38351A}.Ad-Hoc|ARM.ActiveCfg = Release|Any CPU
		{946A653A-3011-4FB1-B7C3-3ABABD38351A}.Ad-Hoc|ARM.Build.0 = Release|Any CPU
		{946A653A-3011-4FB1-B7C3-3ABABD38351A}.Ad-Hoc|ARM.Deploy.0 = Release|Any CPU
		{946A653A-3011-4FB1-B7C3-3ABABD38351A}.Ad-Hoc|iPhone.ActiveCfg = Release|Any CPU
		{946A653A-3011-4FB1-B7C3-3ABABD38351A}.Ad-Hoc|iPhone.Build.0 = Release|Any CPU
		{946A653A-3011-4FB1-B7C3-3ABABD38351A}.Ad-Hoc|iPhone.Deploy.0 = Release|Any CPU
		{946A653A-3011-4FB1-B7C3-3ABABD38351A}.Ad-Hoc|iPhoneSimulator.ActiveCfg = Release|Any CPU
		{946A653A-3011-4FB1-B7C3-3ABABD38351A}.Ad-Hoc|iPhoneSimulator.Build.0 = Release|Any CPU
		{946A653A-3011-4FB1-B7C3-3ABABD38351A}.Ad-Hoc|iPhoneSimulator.Deploy.0 = Release|Any CPU
		{946A653A-3011-4FB1-B7C3-3ABABD38351A}.Ad-Hoc|x64.ActiveCfg = Release|Any CPU
		{946A653A-3011-4FB1-B7C3-3ABABD38351A}.Ad-Hoc|x64.Build.0 = Release|Any CPU
		{946A653A-3011-4FB1-B7C3-3ABABD38351A}.Ad-Hoc|x64.Deploy.0 = Release|Any CPU
		{946A653A-3011-4FB1-B7C3-3ABABD38351A}.Ad-Hoc|x86.ActiveCfg = Release|Any CPU
		{946A653A-3011-4FB1-B7C3-3ABABD38351A}.Ad-Hoc|x86.Build.0 = Release|Any CPU
		{946A653A-3011-4FB1-B7C3-3ABABD38351A}.Ad-Hoc|x86.Deploy.0 = Release|Any CPU
		{946A653A-3011-4FB1-B7C3-3ABABD38351A}.AppStore|Any CPU.ActiveCfg = Release|Any CPU
		{946A653A-3011-4FB1-B7C3-3ABABD38351A}.AppStore|Any CPU.Build.0 = Release|Any CPU
		{946A653A-3011-4FB1-B7C3-3ABABD38351A}.AppStore|Any CPU.Deploy.0 = Release|Any CPU
		{946A653A-3011-4FB1-B7C3-3ABABD38351A}.AppStore|ARM.ActiveCfg = Release|Any CPU
		{946A653A-3011-4FB1-B7C3-3ABABD38351A}.AppStore|ARM.Build.0 = Release|Any CPU
		{946A653A-3011-4FB1-B7C3-3ABABD38351A}.AppStore|ARM.Deploy.0 = Release|Any CPU
		{946A653A-3011-4FB1-B7C3-3ABABD38351A}.AppStore|iPhone.ActiveCfg = Release|Any CPU
		{946A653A-3011-4FB1-B7C3-3ABABD38351A}.AppStore|iPhone.Build.0 = Release|Any CPU
		{946A653A-3011-4FB1-B7C3-3ABABD38351A}.AppStore|iPhone.Deploy.0 = Release|Any CPU
		{946A653A-3011-4FB1-B7C3-3ABABD38351A}.AppStore|iPhoneSimulator.ActiveCfg = Release|Any CPU
		{946A653A-3011-4FB1-B7C3-3ABABD38351A}.AppStore|iPhoneSimulator.Build.0 = Release|Any CPU
		{946A653A-3011-4FB1-B7C3-3ABABD38351A}.AppStore|iPhoneSimulator.Deploy.0 = Release|Any CPU
		{946A653A-3011-4FB1-B7C3-3ABABD38351A}.AppStore|x64.ActiveCfg = Release|Any CPU
		{946A653A-3011-4FB1-B7C3-3ABABD38351A}.AppStore|x64.Build.0 = Release|Any CPU
		{946A653A-3011-4FB1-B7C3-3ABABD38351A}.AppStore|x64.Deploy.0 = Release|Any CPU
		{946A653A-3011-4FB1-B7C3-3ABABD38351A}.AppStore|x86.ActiveCfg = Release|Any CPU
		{946A653A-3011-4FB1-B7C3-3ABABD38351A}.AppStore|x86.Build.0 = Release|Any CPU
		{946A653A-3011-4FB1-B7C3-3ABABD38351A}.AppStore|x86.Deploy.0 = Release|Any CPU
		{946A653A-3011-4FB1-B7C3-3ABABD38351A}.Debug|Any CPU.ActiveCfg = Debug|Any CPU
		{946A653A-3011-4FB1-B7C3-3ABABD38351A}.Debug|Any CPU.Build.0 = Debug|Any CPU
		{946A653A-3011-4FB1-B7C3-3ABABD38351A}.Debug|Any CPU.Deploy.0 = Debug|Any CPU
		{946A653A-3011-4FB1-B7C3-3ABABD38351A}.Debug|ARM.ActiveCfg = Debug|Any CPU
		{946A653A-3011-4FB1-B7C3-3ABABD38351A}.Debug|ARM.Build.0 = Debug|Any CPU
		{946A653A-3011-4FB1-B7C3-3ABABD38351A}.Debug|ARM.Deploy.0 = Debug|Any CPU
		{946A653A-3011-4FB1-B7C3-3ABABD38351A}.Debug|iPhone.ActiveCfg = Debug|Any CPU
		{946A653A-3011-4FB1-B7C3-3ABABD38351A}.Debug|iPhone.Build.0 = Debug|Any CPU
		{946A653A-3011-4FB1-B7C3-3ABABD38351A}.Debug|iPhone.Deploy.0 = Debug|Any CPU
		{946A653A-3011-4FB1-B7C3-3ABABD38351A}.Debug|iPhoneSimulator.ActiveCfg = Debug|Any CPU
		{946A653A-3011-4FB1-B7C3-3ABABD38351A}.Debug|iPhoneSimulator.Build.0 = Debug|Any CPU
		{946A653A-3011-4FB1-B7C3-3ABABD38351A}.Debug|iPhoneSimulator.Deploy.0 = Debug|Any CPU
		{946A653A-3011-4FB1-B7C3-3ABABD38351A}.Debug|x64.ActiveCfg = Debug|Any CPU
		{946A653A-3011-4FB1-B7C3-3ABABD38351A}.Debug|x64.Build.0 = Debug|Any CPU
		{946A653A-3011-4FB1-B7C3-3ABABD38351A}.Debug|x64.Deploy.0 = Debug|Any CPU
		{946A653A-3011-4FB1-B7C3-3ABABD38351A}.Debug|x86.ActiveCfg = Debug|Any CPU
		{946A653A-3011-4FB1-B7C3-3ABABD38351A}.Debug|x86.Build.0 = Debug|Any CPU
		{946A653A-3011-4FB1-B7C3-3ABABD38351A}.Debug|x86.Deploy.0 = Debug|Any CPU
		{946A653A-3011-4FB1-B7C3-3ABABD38351A}.Release|Any CPU.ActiveCfg = Release|Any CPU
		{946A653A-3011-4FB1-B7C3-3ABABD38351A}.Release|Any CPU.Build.0 = Release|Any CPU
		{946A653A-3011-4FB1-B7C3-3ABABD38351A}.Release|Any CPU.Deploy.0 = Release|Any CPU
		{946A653A-3011-4FB1-B7C3-3ABABD38351A}.Release|ARM.ActiveCfg = Release|Any CPU
		{946A653A-3011-4FB1-B7C3-3ABABD38351A}.Release|ARM.Build.0 = Release|Any CPU
		{946A653A-3011-4FB1-B7C3-3ABABD38351A}.Release|ARM.Deploy.0 = Release|Any CPU
		{946A653A-3011-4FB1-B7C3-3ABABD38351A}.Release|iPhone.ActiveCfg = Release|Any CPU
		{946A653A-3011-4FB1-B7C3-3ABABD38351A}.Release|iPhone.Build.0 = Release|Any CPU
		{946A653A-3011-4FB1-B7C3-3ABABD38351A}.Release|iPhone.Deploy.0 = Release|Any CPU
		{946A653A-3011-4FB1-B7C3-3ABABD38351A}.Release|iPhoneSimulator.ActiveCfg = Release|Any CPU
		{946A653A-3011-4FB1-B7C3-3ABABD38351A}.Release|iPhoneSimulator.Build.0 = Release|Any CPU
		{946A653A-3011-4FB1-B7C3-3ABABD38351A}.Release|iPhoneSimulator.Deploy.0 = Release|Any CPU
		{946A653A-3011-4FB1-B7C3-3ABABD38351A}.Release|x64.ActiveCfg = Release|Any CPU
		{946A653A-3011-4FB1-B7C3-3ABABD38351A}.Release|x64.Build.0 = Release|Any CPU
		{946A653A-3011-4FB1-B7C3-3ABABD38351A}.Release|x64.Deploy.0 = Release|Any CPU
		{946A653A-3011-4FB1-B7C3-3ABABD38351A}.Release|x86.ActiveCfg = Release|Any CPU
		{946A653A-3011-4FB1-B7C3-3ABABD38351A}.Release|x86.Build.0 = Release|Any CPU
		{946A653A-3011-4FB1-B7C3-3ABABD38351A}.Release|x86.Deploy.0 = Release|Any CPU
		{18319AEC-A984-4165-BA4F-0C92AC5761BC}.Ad-Hoc|Any CPU.ActiveCfg = Release|Any CPU
		{18319AEC-A984-4165-BA4F-0C92AC5761BC}.Ad-Hoc|Any CPU.Build.0 = Release|Any CPU
		{18319AEC-A984-4165-BA4F-0C92AC5761BC}.Ad-Hoc|ARM.ActiveCfg = Release|Any CPU
		{18319AEC-A984-4165-BA4F-0C92AC5761BC}.Ad-Hoc|ARM.Build.0 = Release|Any CPU
		{18319AEC-A984-4165-BA4F-0C92AC5761BC}.Ad-Hoc|iPhone.ActiveCfg = Release|Any CPU
		{18319AEC-A984-4165-BA4F-0C92AC5761BC}.Ad-Hoc|iPhone.Build.0 = Release|Any CPU
		{18319AEC-A984-4165-BA4F-0C92AC5761BC}.Ad-Hoc|iPhoneSimulator.ActiveCfg = Release|Any CPU
		{18319AEC-A984-4165-BA4F-0C92AC5761BC}.Ad-Hoc|iPhoneSimulator.Build.0 = Release|Any CPU
		{18319AEC-A984-4165-BA4F-0C92AC5761BC}.Ad-Hoc|x64.ActiveCfg = Release|Any CPU
		{18319AEC-A984-4165-BA4F-0C92AC5761BC}.Ad-Hoc|x64.Build.0 = Release|Any CPU
		{18319AEC-A984-4165-BA4F-0C92AC5761BC}.Ad-Hoc|x86.ActiveCfg = Release|Any CPU
		{18319AEC-A984-4165-BA4F-0C92AC5761BC}.Ad-Hoc|x86.Build.0 = Release|Any CPU
		{18319AEC-A984-4165-BA4F-0C92AC5761BC}.AppStore|Any CPU.ActiveCfg = Release|Any CPU
		{18319AEC-A984-4165-BA4F-0C92AC5761BC}.AppStore|Any CPU.Build.0 = Release|Any CPU
		{18319AEC-A984-4165-BA4F-0C92AC5761BC}.AppStore|ARM.ActiveCfg = Release|Any CPU
		{18319AEC-A984-4165-BA4F-0C92AC5761BC}.AppStore|ARM.Build.0 = Release|Any CPU
		{18319AEC-A984-4165-BA4F-0C92AC5761BC}.AppStore|iPhone.ActiveCfg = Release|Any CPU
		{18319AEC-A984-4165-BA4F-0C92AC5761BC}.AppStore|iPhone.Build.0 = Release|Any CPU
		{18319AEC-A984-4165-BA4F-0C92AC5761BC}.AppStore|iPhoneSimulator.ActiveCfg = Release|Any CPU
		{18319AEC-A984-4165-BA4F-0C92AC5761BC}.AppStore|iPhoneSimulator.Build.0 = Release|Any CPU
		{18319AEC-A984-4165-BA4F-0C92AC5761BC}.AppStore|x64.ActiveCfg = Release|Any CPU
		{18319AEC-A984-4165-BA4F-0C92AC5761BC}.AppStore|x64.Build.0 = Release|Any CPU
		{18319AEC-A984-4165-BA4F-0C92AC5761BC}.AppStore|x86.ActiveCfg = Release|Any CPU
		{18319AEC-A984-4165-BA4F-0C92AC5761BC}.AppStore|x86.Build.0 = Release|Any CPU
		{18319AEC-A984-4165-BA4F-0C92AC5761BC}.Debug|Any CPU.ActiveCfg = Debug|Any CPU
		{18319AEC-A984-4165-BA4F-0C92AC5761BC}.Debug|Any CPU.Build.0 = Debug|Any CPU
		{18319AEC-A984-4165-BA4F-0C92AC5761BC}.Debug|ARM.ActiveCfg = Debug|Any CPU
		{18319AEC-A984-4165-BA4F-0C92AC5761BC}.Debug|ARM.Build.0 = Debug|Any CPU
		{18319AEC-A984-4165-BA4F-0C92AC5761BC}.Debug|iPhone.ActiveCfg = Debug|Any CPU
		{18319AEC-A984-4165-BA4F-0C92AC5761BC}.Debug|iPhone.Build.0 = Debug|Any CPU
		{18319AEC-A984-4165-BA4F-0C92AC5761BC}.Debug|iPhoneSimulator.ActiveCfg = Debug|Any CPU
		{18319AEC-A984-4165-BA4F-0C92AC5761BC}.Debug|iPhoneSimulator.Build.0 = Debug|Any CPU
		{18319AEC-A984-4165-BA4F-0C92AC5761BC}.Debug|x64.ActiveCfg = Debug|Any CPU
		{18319AEC-A984-4165-BA4F-0C92AC5761BC}.Debug|x64.Build.0 = Debug|Any CPU
		{18319AEC-A984-4165-BA4F-0C92AC5761BC}.Debug|x86.ActiveCfg = Debug|Any CPU
		{18319AEC-A984-4165-BA4F-0C92AC5761BC}.Debug|x86.Build.0 = Debug|Any CPU
		{18319AEC-A984-4165-BA4F-0C92AC5761BC}.Release|Any CPU.ActiveCfg = Release|Any CPU
		{18319AEC-A984-4165-BA4F-0C92AC5761BC}.Release|Any CPU.Build.0 = Release|Any CPU
		{18319AEC-A984-4165-BA4F-0C92AC5761BC}.Release|ARM.ActiveCfg = Release|Any CPU
		{18319AEC-A984-4165-BA4F-0C92AC5761BC}.Release|ARM.Build.0 = Release|Any CPU
		{18319AEC-A984-4165-BA4F-0C92AC5761BC}.Release|iPhone.ActiveCfg = Release|Any CPU
		{18319AEC-A984-4165-BA4F-0C92AC5761BC}.Release|iPhone.Build.0 = Release|Any CPU
		{18319AEC-A984-4165-BA4F-0C92AC5761BC}.Release|iPhoneSimulator.ActiveCfg = Release|Any CPU
		{18319AEC-A984-4165-BA4F-0C92AC5761BC}.Release|iPhoneSimulator.Build.0 = Release|Any CPU
		{18319AEC-A984-4165-BA4F-0C92AC5761BC}.Release|x64.ActiveCfg = Release|Any CPU
		{18319AEC-A984-4165-BA4F-0C92AC5761BC}.Release|x64.Build.0 = Release|Any CPU
		{18319AEC-A984-4165-BA4F-0C92AC5761BC}.Release|x86.ActiveCfg = Release|Any CPU
		{18319AEC-A984-4165-BA4F-0C92AC5761BC}.Release|x86.Build.0 = Release|Any CPU
		{2DC6037E-64AF-4BAD-B36B-496C94E635DF}.Ad-Hoc|Any CPU.ActiveCfg = Ad-Hoc|iPhone
		{2DC6037E-64AF-4BAD-B36B-496C94E635DF}.Ad-Hoc|ARM.ActiveCfg = Ad-Hoc|iPhone
		{2DC6037E-64AF-4BAD-B36B-496C94E635DF}.Ad-Hoc|iPhone.ActiveCfg = Ad-Hoc|iPhone
		{2DC6037E-64AF-4BAD-B36B-496C94E635DF}.Ad-Hoc|iPhone.Build.0 = Ad-Hoc|iPhone
		{2DC6037E-64AF-4BAD-B36B-496C94E635DF}.Ad-Hoc|iPhoneSimulator.ActiveCfg = Ad-Hoc|iPhoneSimulator
		{2DC6037E-64AF-4BAD-B36B-496C94E635DF}.Ad-Hoc|iPhoneSimulator.Build.0 = Ad-Hoc|iPhoneSimulator
		{2DC6037E-64AF-4BAD-B36B-496C94E635DF}.Ad-Hoc|x64.ActiveCfg = Ad-Hoc|iPhone
		{2DC6037E-64AF-4BAD-B36B-496C94E635DF}.Ad-Hoc|x86.ActiveCfg = Ad-Hoc|iPhone
		{2DC6037E-64AF-4BAD-B36B-496C94E635DF}.AppStore|Any CPU.ActiveCfg = AppStore|iPhone
		{2DC6037E-64AF-4BAD-B36B-496C94E635DF}.AppStore|ARM.ActiveCfg = AppStore|iPhone
		{2DC6037E-64AF-4BAD-B36B-496C94E635DF}.AppStore|iPhone.ActiveCfg = AppStore|iPhone
		{2DC6037E-64AF-4BAD-B36B-496C94E635DF}.AppStore|iPhone.Build.0 = AppStore|iPhone
		{2DC6037E-64AF-4BAD-B36B-496C94E635DF}.AppStore|iPhoneSimulator.ActiveCfg = AppStore|iPhoneSimulator
		{2DC6037E-64AF-4BAD-B36B-496C94E635DF}.AppStore|iPhoneSimulator.Build.0 = AppStore|iPhoneSimulator
		{2DC6037E-64AF-4BAD-B36B-496C94E635DF}.AppStore|x64.ActiveCfg = AppStore|iPhone
		{2DC6037E-64AF-4BAD-B36B-496C94E635DF}.AppStore|x86.ActiveCfg = AppStore|iPhone
		{2DC6037E-64AF-4BAD-B36B-496C94E635DF}.Debug|Any CPU.ActiveCfg = Debug|iPhone
		{2DC6037E-64AF-4BAD-B36B-496C94E635DF}.Debug|ARM.ActiveCfg = Debug|iPhone
		{2DC6037E-64AF-4BAD-B36B-496C94E635DF}.Debug|iPhone.ActiveCfg = Debug|iPhone
		{2DC6037E-64AF-4BAD-B36B-496C94E635DF}.Debug|iPhone.Build.0 = Debug|iPhone
		{2DC6037E-64AF-4BAD-B36B-496C94E635DF}.Debug|iPhoneSimulator.ActiveCfg = Debug|iPhoneSimulator
		{2DC6037E-64AF-4BAD-B36B-496C94E635DF}.Debug|iPhoneSimulator.Build.0 = Debug|iPhoneSimulator
		{2DC6037E-64AF-4BAD-B36B-496C94E635DF}.Debug|x64.ActiveCfg = Debug|iPhone
		{2DC6037E-64AF-4BAD-B36B-496C94E635DF}.Debug|x86.ActiveCfg = Debug|iPhone
		{2DC6037E-64AF-4BAD-B36B-496C94E635DF}.Release|Any CPU.ActiveCfg = Release|iPhone
		{2DC6037E-64AF-4BAD-B36B-496C94E635DF}.Release|ARM.ActiveCfg = Release|iPhone
		{2DC6037E-64AF-4BAD-B36B-496C94E635DF}.Release|iPhone.ActiveCfg = Release|iPhone
		{2DC6037E-64AF-4BAD-B36B-496C94E635DF}.Release|iPhone.Build.0 = Release|iPhone
		{2DC6037E-64AF-4BAD-B36B-496C94E635DF}.Release|iPhoneSimulator.ActiveCfg = Release|iPhoneSimulator
		{2DC6037E-64AF-4BAD-B36B-496C94E635DF}.Release|iPhoneSimulator.Build.0 = Release|iPhoneSimulator
		{2DC6037E-64AF-4BAD-B36B-496C94E635DF}.Release|x64.ActiveCfg = Release|iPhone
		{2DC6037E-64AF-4BAD-B36B-496C94E635DF}.Release|x86.ActiveCfg = Release|iPhone
	EndGlobalSection
	GlobalSection(SolutionProperties) = preSolution
		HideSolutionNode = FALSE
	EndGlobalSection
	GlobalSection(ExtensibilityGlobals) = postSolution
		SolutionGuid = {49112977-97FD-4B09-A6C3-ADCC2D562848}
	EndGlobalSection
EndGlobal
